
Microsoft Visual Studio Solution File, Format Version 12.00
# Visual Studio 15
VisualStudioVersion = 15.0.28307.271
MinimumVisualStudioVersion = 10.0.40219.1
Project("{888888A0-9F3D-457C-B088-3A5042F75D52}") = "wordCloud", "wordCloud\wordCloud.pyproj", "{3F39D315-F9AB-4A11-AFAA-765A25728472}"
EndProject
Global
	GlobalSection(SolutionConfigurationPlatforms) = preSolution
		Debug|Any CPU = Debug|Any CPU
		Release|Any CPU = Release|Any CPU
	EndGlobalSection
	GlobalSection(ProjectConfigurationPlatforms) = postSolution
		{3F39D315-F9AB-4A11-AFAA-765A25728472}.Debug|Any CPU.ActiveCfg = Debug|Any CPU
		{3F39D315-F9AB-4A11-AFAA-765A25728472}.Release|Any CPU.ActiveCfg = Release|Any CPU
	EndGlobalSection
	GlobalSection(SolutionProperties) = preSolution
		HideSolutionNode = FALSE
	EndGlobalSection
	GlobalSection(ExtensibilityGlobals) = postSolution
		SolutionGuid = {11016F56-0E1D-4B40-A33F-C402D4F72873}
	EndGlobalSection
EndGlobal
